# THIS IS AN AUTOGENERATED FILE. DO NOT EDIT THIS FILE DIRECTLY.
# yarn lockfile v1


async-validator@^1.8.2:
  version "1.8.2"
  resolved "http://registry.npm.taobao.org/async-validator/download/async-validator-1.8.2.tgz#b77597226e96242f8d531c0d46ae295f62422ba4"
  dependencies:
    babel-runtime "6.x"

babel-runtime@6.x:
  version "6.26.0"
  resolved "http://registry.npm.taobao.org/babel-runtime/download/babel-runtime-6.26.0.tgz#965c7058668e82b55d7bfe04ff2337bc8b5647fe"
  dependencies:
    core-js "^2.4.0"
    regenerator-runtime "^0.11.0"

batch-processor@^1.0.0:
  version "1.0.0"
  resolved "http://registry.npm.taobao.org/batch-processor/download/batch-processor-1.0.0.tgz#75c95c32b748e0850d10c2b168f6bdbe9891ace8"

blear.classes.animation@1.1.1, blear.classes.animation@1.x, blear.classes.animation@^1.1.1:
  version "1.1.1"
  resolved "http://registry.npm.taobao.org/blear.classes.animation/download/blear.classes.animation-1.1.1.tgz#a9555e5254241679bfca1d85970876c9c797751c"
  dependencies:
    blear.classes.events "1.x"
    blear.core.selector "1.x"
    blear.core.transform "1.x"
    blear.utils.array "1.x"
    blear.utils.date "1.x"
    blear.utils.howdo "1.x"
    blear.utils.object "1.x"
    blear.utils.plan "^2.0.0"
    blear.utils.typeis "1.x"

blear.classes.class@1.x, blear.classes.class@^1.1.7:
  version "1.1.7"
  resolved "http://registry.npm.taobao.org/blear.classes.class/download/blear.classes.class-1.1.7.tgz#5491cc34002e18324db20d030fa6f0fbd4709ff2"
  dependencies:
    blear.utils.access "1.x"
    blear.utils.debug "1.x"
    blear.utils.object "1.x"
    blear.utils.random "1.x"
    blear.utils.typeis "1.x"

blear.classes.controller@2:
  version "2.0.2"
  resolved "http://registry.npm.taobao.org/blear.classes.controller/download/blear.classes.controller-2.0.2.tgz#4024bbf6ad83f12ea2dac88403351406a1865f35"
  dependencies:
    blear.classes.class "^1.1.7"
    blear.classes.events "^1.0.7"
    blear.utils.array "^1.0.12"
    blear.utils.function "^1.0.5"
    blear.utils.scope-css "^1.0.3"

blear.classes.count-down@1.0.7:
  version "1.0.7"
  resolved "http://registry.npm.taobao.org/blear.classes.count-down/download/blear.classes.count-down-1.0.7.tgz#4cd5e6ab1c860a933ca11a609dc0145c8f8e032b"
  dependencies:
    blear.classes.events "1.x"
    blear.utils.date "1.x"
    blear.utils.object "1.x"
    blear.utils.time "1.x"
    blear.utils.typeis "1.x"

blear.classes.draggable@1.x, blear.classes.draggable@^1.0.8:
  version "1.0.8"
  resolved "http://registry.npm.taobao.org/blear.classes.draggable/download/blear.classes.draggable-1.0.8.tgz#fef63115d20f100c8adf33c48c48a50b67e8df25"
  dependencies:
    blear.classes.events "1.x"
    blear.core.attribute "1.x"
    blear.core.event "1.x"
    blear.core.layout "1.x"
    blear.core.modification "1.x"
    blear.core.selector "1.x"
    blear.utils.access "1.x"
    blear.utils.date "1.x"
    blear.utils.number "1.x"
    blear.utils.object "1.x"

blear.classes.error@1.x:
  version "1.0.4"
  resolved "http://registry.npm.taobao.org/blear.classes.error/download/blear.classes.error-1.0.4.tgz#5a002c9b3bf908111cc32f6b5bdaa26ffbbd758e"
  dependencies:
    blear.classes.class "1.x"
    blear.utils.access "1.x"
    blear.utils.date "1.x"
    blear.utils.object "1.x"
    blear.utils.typeis "1.x"

blear.classes.events@1.0.7, blear.classes.events@1.x, blear.classes.events@^1.0.7:
  version "1.0.7"
  resolved "http://registry.npm.taobao.org/blear.classes.events/download/blear.classes.events-1.0.7.tgz#96e6685361bc99012bdbaad6b0d37ef11c53cf80"
  dependencies:
    blear.classes.class "1.x"
    blear.utils.access "1.x"
    blear.utils.array "1.x"
    blear.utils.object "1.x"
    blear.utils.typeis "1.x"

blear.classes.hotkey@^1.0.1:
  version "1.0.1"
  resolved "http://registry.npm.taobao.org/blear.classes.hotkey/download/blear.classes.hotkey-1.0.1.tgz#fc5367e0168bad9bd6e7450e8d864da6b1ca88d0"
  dependencies:
    blear.classes.events "^1.0.7"
    blear.core.event "^1.0.5"
    blear.core.selector "^1.0.10"
    blear.utils.access "^1.0.5"
    blear.utils.array "^1.0.12"
    blear.utils.object "^1.0.14"

blear.classes.mvvm@1.0.10, blear.classes.mvvm@^1.0.10:
  version "1.0.10"
  resolved "http://registry.npm.taobao.org/blear.classes.mvvm/download/blear.classes.mvvm-1.0.10.tgz#7af4e89bac802f154b83c759ebae011e523a65c9"
  dependencies:
    blear.classes.class "1.x"
    blear.classes.events "1.x"
    blear.classes.watcher "2.x"
    blear.core.attribute "1.x"
    blear.core.event "1.x"
    blear.core.modification "1.x"
    blear.core.selector "1.x"
    blear.utils.access "1.x"
    blear.utils.array "1.x"
    blear.utils.collection "1.x"
    blear.utils.function "1.x"
    blear.utils.number "1.x"
    blear.utils.object "1.x"
    blear.utils.random "1.x"
    blear.utils.string "1.x"
    blear.utils.time "1.x"
    blear.utils.typeis "1.x"

blear.classes.qrcode@^2.0.0:
  version "2.0.0"
  resolved "http://registry.npm.taobao.org/blear.classes.qrcode/download/blear.classes.qrcode-2.0.0.tgz#71b0a8a263cc92a6aaa004bd818554344bfa91f1"
  dependencies:
    blear.classes.class "1.x"
    blear.utils.object "1.x"

blear.classes.router@^2.1.0:
  version "2.1.0"
  resolved "http://registry.npm.taobao.org/blear.classes.router/download/blear.classes.router-2.1.0.tgz#5200633ac5adfc0e58e4e4c826fdbe61dac0d427"
  dependencies:
    blear.classes.class "^1.1.7"
    blear.classes.events "^1.0.7"
    blear.core.event "^1.0.5"
    blear.core.hashbang "^1.1.3"
    blear.utils.access "^1.0.5"
    blear.utils.array "^1.0.12"
    blear.utils.object "^1.0.14"
    blear.utils.plan "^2.2.1"
    blear.utils.querystring "^1.0.5"
    blear.utils.time "^1.0.5"
    blear.utils.typeis "^1.0.3"
    blear.utils.url "^1.0.19"

blear.classes.scrollable@1.0.7:
  version "1.0.7"
  resolved "http://registry.npm.taobao.org/blear.classes.scrollable/download/blear.classes.scrollable-1.0.7.tgz#e14c4af1b4e3297fcc3e6e889256c18bbab6a749"
  dependencies:
    blear.classes.events "1.x"
    blear.core.event "1.x"
    blear.core.layout "1.x"
    blear.core.selector "1.x"
    blear.utils.object "1.x"
    blear.utils.time "1.x"

blear.classes.switchable@1.0.10:
  version "1.0.10"
  resolved "http://registry.npm.taobao.org/blear.classes.switchable/download/blear.classes.switchable-1.0.10.tgz#e91cafc487b20842182c96d62fb7edc0140c17ba"
  dependencies:
    blear.classes.events "1.x"
    blear.core.attribute "1.x"
    blear.core.event "1.x"
    blear.core.selector "1.x"
    blear.utils.array "1.x"
    blear.utils.object "1.x"
    blear.utils.time "1.x"

blear.classes.template@1.x:
  version "1.1.1"
  resolved "http://registry.npm.taobao.org/blear.classes.template/download/blear.classes.template-1.1.1.tgz#6f75508f10e20d20e07cafb20b1ec3ded28a1c9f"
  dependencies:
    blear.classes.events "1.x"
    blear.utils.array "1.x"
    blear.utils.collection "1.x"
    blear.utils.function "1.x"
    blear.utils.number "1.x"
    blear.utils.object "1.x"
    blear.utils.random "1.x"
    blear.utils.string "1.x"
    blear.utils.typeis "1.x"

blear.classes.touchable@1.x:
  version "1.0.4"
  resolved "http://registry.npm.taobao.org/blear.classes.touchable/download/blear.classes.touchable-1.0.4.tgz#8aafac9d85974d9589fe1c58a09368f6182f8105"
  dependencies:
    blear.classes.draggable "1.x"
    blear.utils.object "1.x"

blear.classes.validation@^1.1.4:
  version "1.1.4"
  resolved "http://registry.npm.taobao.org/blear.classes.validation/download/blear.classes.validation-1.1.4.tgz#d3efbf67efb6ba9f8a9a37721c0a3e336c9c5a47"
  dependencies:
    blear.classes.events "1.x"
    blear.core.ajax "1.x"
    blear.utils.access "1.x"
    blear.utils.array "1.x"
    blear.utils.function "1.x"
    blear.utils.object "1.x"
    blear.utils.plan "^2.1.2"
    blear.utils.string "1.x"
    blear.utils.typeis "1.x"
    blear.utils.validator "^1.1.0"

blear.classes.watcher@2.x:
  version "2.0.1"
  resolved "http://registry.npm.taobao.org/blear.classes.watcher/download/blear.classes.watcher-2.0.1.tgz#fd7387afeb7138abbd40d981a8de5a4ea5a93c09"
  dependencies:
    blear.classes.class "1.x"
    blear.classes.events "1.x"
    blear.utils.access "1.x"
    blear.utils.array "1.x"
    blear.utils.collection "1.x"
    blear.utils.date "1.x"
    blear.utils.object "1.x"
    blear.utils.random "1.x"
    blear.utils.typeis "1.x"

blear.components.alert@1.0.5:
  version "1.0.5"
  resolved "http://registry.npm.taobao.org/blear.components.alert/download/blear.components.alert-1.0.5.tgz#f7a79259000bfa7f5af5a383119e41de77cafada"
  dependencies:
    blear.ui.alert "1.x"
    blear.utils.time "1.x"
    blear.utils.typeis "1.x"

blear.components.tips@1.0.4:
  version "1.0.4"
  resolved "http://registry.npm.taobao.org/blear.components.tips/download/blear.components.tips-1.0.4.tgz#dd3b5b8305e9e3d609a8ac826157b6103d9ed6c1"
  dependencies:
    blear.ui.tips "1.x"
    blear.utils.time "1.x"
    blear.utils.typeis "1.x"

blear.core.ajax@1.0.13, blear.core.ajax@1.x:
  version "1.0.13"
  resolved "http://registry.npm.taobao.org/blear.core.ajax/download/blear.core.ajax-1.0.13.tgz#189e53ffceebd25bf85e3d27a4de2b6c928176fa"
  dependencies:
    blear.utils.access "1.x"
    blear.utils.compatible "1.x"
    blear.utils.function "1.x"
    blear.utils.json "1.x"
    blear.utils.object "1.x"
    blear.utils.querystring "1.x"
    blear.utils.typeis "1.x"
    blear.utils.url "1.x"

blear.core.animation@1.x:
  version "1.0.4"
  resolved "http://registry.npm.taobao.org/blear.core.animation/download/blear.core.animation-1.0.4.tgz#f80f06b768d93c872f1c8cf710fecc05965e2456"
  dependencies:
    blear.core.attribute "1.x"
    blear.core.layout "1.x"
    blear.utils.access "1.x"
    blear.utils.date "1.x"
    blear.utils.easing "1.x"
    blear.utils.function "1.x"
    blear.utils.object "1.x"
    blear.utils.string "1.x"
    blear.utils.time "1.x"
    blear.utils.typeis "1.x"

blear.core.attribute@1.0.11, blear.core.attribute@1.x, blear.core.attribute@^1.0.11:
  version "1.0.11"
  resolved "http://registry.npm.taobao.org/blear.core.attribute/download/blear.core.attribute-1.0.11.tgz#0b6fb467b06ee85a54b26e360b3edaa288a50201"
  dependencies:
    blear.polyfills.class-list "1.x"
    blear.polyfills.data-set "1.x"
    blear.utils.access "1.x"
    blear.utils.array "1.x"
    blear.utils.compatible "1.x"
    blear.utils.json "1.x"
    blear.utils.object "1.x"
    blear.utils.string "1.x"
    blear.utils.typeis "1.x"
    blear.utils.validator "1.x"

blear.core.event@1.0.5, blear.core.event@1.x, blear.core.event@^1.0.5:
  version "1.0.5"
  resolved "http://registry.npm.taobao.org/blear.core.event/download/blear.core.event-1.0.5.tgz#7565f92b8e9c2acf6a086c8d3bf30023583dd25a"
  dependencies:
    blear.core.selector "1.x"
    blear.utils.access "1.x"
    blear.utils.array "1.x"
    blear.utils.object "1.x"
    blear.utils.typeis "1.x"

blear.core.flexible@1.0.7:
  version "1.0.7"
  resolved "http://registry.npm.taobao.org/blear.core.flexible/download/blear.core.flexible-1.0.7.tgz#9965e15963cda83ff6e8758daa927195a351df9e"

blear.core.hashbang@^1.1.3:
  version "1.1.3"
  resolved "http://registry.npm.taobao.org/blear.core.hashbang/download/blear.core.hashbang-1.1.3.tgz#092f016291300128fb38cb208ab977931ae14345"
  dependencies:
    blear.utils.access "1.x"
    blear.utils.hashbang "1.x"
    blear.utils.object "1.x"
    blear.utils.typeis "1.x"
    blear.utils.url "1.x"

blear.core.keyframe@^1.0.4:
  version "1.0.4"
  resolved "http://registry.npm.taobao.org/blear.core.keyframe/download/blear.core.keyframe-1.0.4.tgz#d3fe76a8dabd3096f0e902b52780aff6015e77e7"
  dependencies:
    blear.core.attribute "1.x"
    blear.core.modification "1.x"
    blear.core.selector "1.x"
    blear.utils.access "1.x"
    blear.utils.array "1.x"
    blear.utils.date "1.x"
    blear.utils.object "1.x"
    blear.utils.random "1.x"
    blear.utils.string "1.x"
    blear.utils.typeis "1.x"

blear.core.layout@1.0.6, blear.core.layout@1.x, blear.core.layout@^1.0.6:
  version "1.0.6"
  resolved "http://registry.npm.taobao.org/blear.core.layout/download/blear.core.layout-1.0.6.tgz#6426d70741f4550da14c2859460479433fe7e7d6"
  dependencies:
    blear.core.attribute "1.x"
    blear.utils.access "1.x"
    blear.utils.array "1.x"
    blear.utils.number "1.x"
    blear.utils.typeis "1.x"

blear.core.modification@1.0.7, blear.core.modification@1.x, blear.core.modification@^1.0.7:
  version "1.0.7"
  resolved "http://registry.npm.taobao.org/blear.core.modification/download/blear.core.modification-1.0.7.tgz#1351b4c24dd7d95a6c61d912e938e83432535b7a"
  dependencies:
    blear.core.attribute "1.x"
    blear.core.selector "1.x"
    blear.utils.json "1.x"
    blear.utils.object "1.x"
    blear.utils.typeis "1.x"

blear.core.selector@1.0.10, blear.core.selector@1.x, blear.core.selector@^1.0.10, blear.core.selector@^1.0.8:
  version "1.0.10"
  resolved "http://registry.npm.taobao.org/blear.core.selector/download/blear.core.selector-1.0.10.tgz#165bed442de6bf886a853be34f732090d7529dd3"
  dependencies:
    blear.utils.array "1.x"
    blear.utils.compatible "1.x"
    blear.utils.debug "1.x"
    blear.utils.typeis "1.x"

blear.core.transform@1.0.6, blear.core.transform@1.x:
  version "1.0.6"
  resolved "http://registry.npm.taobao.org/blear.core.transform/download/blear.core.transform-1.0.6.tgz#3f07de7a0dfce81e964b1d4bffcee2e75f216a17"
  dependencies:
    blear.core.attribute "1.x"
    blear.core.event "1.x"
    blear.utils.access "1.x"
    blear.utils.array "1.x"
    blear.utils.compatible "1.x"
    blear.utils.easing "1.x"
    blear.utils.function "^1.0.5"
    blear.utils.object "1.x"
    blear.utils.string "1.x"
    blear.utils.time "1.x"
    blear.utils.typeis "1.x"

blear.core.upload@^1.0.8:
  version "1.0.8"
  resolved "http://registry.npm.taobao.org/blear.core.upload/download/blear.core.upload-1.0.8.tgz#fd74ff72464689f52f01ecc0cd9daf61f3ff95a3"
  dependencies:
    blear.core.ajax "1.x"
    blear.core.attribute "1.x"
    blear.core.event "1.x"
    blear.core.modification "1.x"
    blear.core.selector "1.x"
    blear.utils.array "1.x"
    blear.utils.json "1.x"
    blear.utils.object "1.x"
    blear.utils.typeis "1.x"

blear.css.function@1.1.0:
  version "1.1.0"
  resolved "http://registry.npm.taobao.org/blear.css.function/download/blear.css.function-1.1.0.tgz#7371d9ddca7ee693afa54ccf4a94c7fa1f0ef51c"

blear.css.reset@1.0.13:
  version "1.0.13"
  resolved "http://registry.npm.taobao.org/blear.css.reset/download/blear.css.reset-1.0.13.tgz#65c031230838f82d868150a936a7541797cafdcb"

blear.polyfills.class-list@1.x:
  version "1.0.7"
  resolved "http://registry.npm.taobao.org/blear.polyfills.class-list/download/blear.polyfills.class-list-1.0.7.tgz#bd7fb87b7f54c1e219c6d756830b69ed35bdeaa7"

blear.polyfills.data-set@1.x:
  version "1.0.3"
  resolved "http://registry.npm.taobao.org/blear.polyfills.data-set/download/blear.polyfills.data-set-1.0.3.tgz#5e499a34676b2cf8e77c04bdf699ca5f82ddc892"
  dependencies:
    blear.utils.json "1.x"
    blear.utils.string "1.x"

blear.polyfills.date@1.x:
  version "1.0.3"
  resolved "http://registry.npm.taobao.org/blear.polyfills.date/download/blear.polyfills.date-1.0.3.tgz#ee804e097b573a392c23db437c873e16a79abeb7"

blear.polyfills.time@1.x:
  version "1.0.3"
  resolved "http://registry.npm.taobao.org/blear.polyfills.time/download/blear.polyfills.time-1.0.3.tgz#a699b8dd31bac42e76e915f135660a79d4f1bd68"

blear.scss.flex@1.0.1:
  version "1.0.1"
  resolved "http://registry.npm.taobao.org/blear.scss.flex/download/blear.scss.flex-1.0.1.tgz#32f748bdbc7d73d29eaace769b6d038a70fcb7f3"

blear.scss.flexible@1.0.2:
  version "1.0.2"
  resolved "http://registry.npm.taobao.org/blear.scss.flexible/download/blear.scss.flexible-1.0.2.tgz#064b03d34143c8a9de17265bb09c4283eb690fe8"

blear.shims.bezier@1.x:
  version "1.0.0"
  resolved "http://registry.npm.taobao.org/blear.shims.bezier/download/blear.shims.bezier-1.0.0.tgz#0323fd93e0d162bc4698bc16533931b65380ae49"

blear.ui.alert@1.x:
  version "1.0.4"
  resolved "http://registry.npm.taobao.org/blear.ui.alert/download/blear.ui.alert-1.0.4.tgz#accc4dc72615067aabde18bd8cdd1cd952678369"
  dependencies:
    blear.classes.template "1.x"
    blear.ui.dialog "1.x"
    blear.utils.object "1.x"

blear.ui.application@^2.0.2:
  version "2.0.2"
  resolved "http://registry.npm.taobao.org/blear.ui.application/download/blear.ui.application-2.0.2.tgz#7d582024fa8618ac3c3304e6bc693346ea05c250"
  dependencies:
    blear.classes.class "^1.1.7"
    blear.core.attribute "^1.0.11"
    blear.core.layout "^1.0.6"
    blear.core.modification "^1.0.7"
    blear.core.selector "^1.0.10"
    blear.ui "^1.0.8"
    blear.utils.function "^1.0.5"
    blear.utils.object "^1.0.14"
    blear.utils.random "^1.0.3"
    blear.utils.scope-css "^1.1.1"
    blear.utils.time "^1.0.5"

blear.ui.chart@1.1.0:
  version "1.1.0"
  resolved "http://registry.npm.taobao.org/blear.ui.chart/download/blear.ui.chart-1.1.0.tgz#9c203018f7c9390ff7806a10823e596b2e0ad451"
  dependencies:
    blear.core.selector "^1.0.8"
    blear.ui "^1.0.8"

blear.ui.date-time-toucher@1.0.3:
  version "1.0.3"
  resolved "http://registry.npm.taobao.org/blear.ui.date-time-toucher/download/blear.ui.date-time-toucher-1.0.3.tgz#b82ca58aa72510f36467b212e2484353fa10287c"
  dependencies:
    blear.classes.draggable "^1.0.8"
    blear.core.attribute "^1.0.11"
    blear.core.event "^1.0.5"
    blear.core.selector "^1.0.8"
    blear.ui.draggable-list "^1.0.1"
    blear.ui.popup "^1.0.18"
    blear.utils.array "^1.0.12"
    blear.utils.date "^1.0.10"
    blear.utils.object "^1.0.14"

blear.ui.dialog@1.x, blear.ui.dialog@^1.1.2:
  version "1.1.3"
  resolved "http://registry.npm.taobao.org/blear.ui.dialog/download/blear.ui.dialog-1.1.3.tgz#4b7bfefb4e1e6aa7d940059b6c44fcd702ec5ddd"
  dependencies:
    blear.classes.animation "1.x"
    blear.classes.template "1.x"
    blear.core.animation "1.x"
    blear.core.attribute "1.x"
    blear.core.event "1.x"
    blear.core.modification "1.x"
    blear.core.selector "1.x"
    blear.ui "1.x"
    blear.ui.mask "1.x"
    blear.ui.window "^1.1.30"
    blear.utils.access "1.x"
    blear.utils.function "1.x"
    blear.utils.object "1.x"
    blear.utils.typeis "1.x"

blear.ui.draggable-list@^1.0.1:
  version "1.0.1"
  resolved "http://registry.npm.taobao.org/blear.ui.draggable-list/download/blear.ui.draggable-list-1.0.1.tgz#8dbc0b7d5a79a5828d1a0bc5963b0d0f3fb23193"
  dependencies:
    blear.classes.draggable "^1.0.8"
    blear.classes.mvvm "^1.0.10"
    blear.core.attribute "^1.0.11"
    blear.core.selector "^1.0.8"
    blear.ui "^1.0.8"
    blear.utils.array "^1.0.12"
    blear.utils.object "^1.0.14"
    blear.utils.typeis "^1.0.3"

blear.ui.editor@^1.1.4:
  version "1.2.3"
  resolved "http://registry.npm.taobao.org/blear.ui.editor/download/blear.ui.editor-1.2.3.tgz#6e9af4c984d2838f588009212a863511efeac6c5"
  dependencies:
    blear.classes.class "^1.1.7"
    blear.classes.events "^1.0.7"
    blear.classes.hotkey "^1.0.1"
    blear.core.attribute "^1.0.11"
    blear.core.event "^1.0.5"
    blear.core.modification "^1.0.7"
    blear.core.selector "^1.0.10"
    blear.ui "^1.0.8"
    blear.ui.dialog "^1.1.2"
    blear.utils.array "^1.0.12"
    blear.utils.function "^1.0.5"
    blear.utils.object "^1.0.14"
    blear.utils.time "^1.0.5"
    blear.utils.typeis "^1.0.3"

blear.ui.linkage@1.1.1:
  version "1.1.1"
  resolved "http://registry.npm.taobao.org/blear.ui.linkage/download/blear.ui.linkage-1.1.1.tgz#03b36005de8a195a2570ec95fa15b09a3a09a646"
  dependencies:
    blear.core.event "1.x"
    blear.core.selector "1.x"
    blear.ui "^1.0.8"
    blear.utils.array "1.x"
    blear.utils.function "^1.0.5"
    blear.utils.object "^1.0.14"
    blear.utils.plan "^2.1.2"
    blear.utils.typeis "1.x"

blear.ui.loading@1.0.11:
  version "1.0.11"
  resolved "http://registry.npm.taobao.org/blear.ui.loading/download/blear.ui.loading-1.0.11.tgz#929df8038c4b236bdefc5fb9636f66d13fa98377"
  dependencies:
    blear.classes.template "1.x"
    blear.ui "^1.0.8"
    blear.ui.mask "1.x"
    blear.ui.window "1.x"
    blear.utils.function "^1.0.5"
    blear.utils.loader "1.x"
    blear.utils.object "1.x"

blear.ui.mask@1.x, blear.ui.mask@^1.0.18:
  version "1.1.0"
  resolved "http://registry.npm.taobao.org/blear.ui.mask/download/blear.ui.mask-1.1.0.tgz#3a2cedc4311e747a91a379c35678c884304022b2"
  dependencies:
    blear.classes.animation "^1.1.1"
    blear.core.attribute "^1.0.11"
    blear.core.event "^1.0.5"
    blear.core.layout "^1.0.6"
    blear.core.modification "^1.0.7"
    blear.ui "^1.0.8"
    blear.ui.window "^1.1.30"
    blear.utils.function "^1.0.5"
    blear.utils.object "^1.0.14"

blear.ui.popup@1.0.18, blear.ui.popup@1.x, blear.ui.popup@^1.0.18:
  version "1.0.18"
  resolved "http://registry.npm.taobao.org/blear.ui.popup/download/blear.ui.popup-1.0.18.tgz#76ed8a568f45eb5ad1604db4929c9eedb687fe5f"
  dependencies:
    blear.classes.animation "1.x"
    blear.core.attribute "1.x"
    blear.core.layout "1.x"
    blear.core.modification "1.x"
    blear.core.selector "1.x"
    blear.core.transform "1.x"
    blear.ui "1.x"
    blear.ui.mask "1.x"
    blear.ui.window "1.x"
    blear.utils.function "1.x"
    blear.utils.object "1.x"
    blear.utils.typeis "1.x"

blear.ui.qrcode@1.0.3:
  version "1.0.3"
  resolved "http://registry.npm.taobao.org/blear.ui.qrcode/download/blear.ui.qrcode-1.0.3.tgz#d085ae48d6efa234acb47941bb0b08352b5e805c"
  dependencies:
    blear.classes.qrcode "^2.0.0"
    blear.core.modification "1.x"
    blear.core.selector "1.x"
    blear.ui "1.x"
    blear.utils.object "1.x"

blear.ui.slider@1.0.14:
  version "1.0.14"
  resolved "http://registry.npm.taobao.org/blear.ui.slider/download/blear.ui.slider-1.0.14.tgz#bf0f7d8e7165f63729655ed1269a8f1e08b95620"
  dependencies:
    blear.classes.touchable "1.x"
    blear.core.attribute "1.x"
    blear.core.layout "1.x"
    blear.core.modification "1.x"
    blear.core.selector "1.x"
    blear.ui "1.x"
    blear.utils.array "1.x"
    blear.utils.object "1.x"
    blear.utils.time "1.x"
    blear.utils.typeis "^1.0.3"

blear.ui.tips@1.0.9, blear.ui.tips@1.x:
  version "1.0.9"
  resolved "http://registry.npm.taobao.org/blear.ui.tips/download/blear.ui.tips-1.0.9.tgz#b8c473d79997d1411221e9ae95175ab3a7047f3e"
  dependencies:
    blear.classes.animation "1.x"
    blear.classes.template "1.x"
    blear.core.attribute "1.x"
    blear.ui.popup "1.x"
    blear.utils.object "1.x"

blear.ui.window@1.x, blear.ui.window@^1.1.30:
  version "1.1.30"
  resolved "http://registry.npm.taobao.org/blear.ui.window/download/blear.ui.window-1.1.30.tgz#0f65911b95e725f715891fd68745f1f19519df47"
  dependencies:
    blear.core.attribute "1.x"
    blear.core.layout "^1.0.6"
    blear.core.modification "1.x"
    blear.core.selector "1.x"
    blear.ui "1.x"
    blear.utils.access "1.x"
    blear.utils.function "1.x"
    blear.utils.number "1.x"
    blear.utils.object "1.x"
    blear.utils.typeis "1.x"

blear.ui@1.0.8, blear.ui@1.x, blear.ui@^1.0.8:
  version "1.0.8"
  resolved "http://registry.npm.taobao.org/blear.ui/download/blear.ui-1.0.8.tgz#0e3fd3b116ce17b50dc0944a0c82be9746785c7a"
  dependencies:
    blear.classes.events "1.x"
    blear.utils.object "^1.0.14"

blear.utils.access@1.x, blear.utils.access@^1.0.5:
  version "1.0.5"
  resolved "http://registry.npm.taobao.org/blear.utils.access/download/blear.utils.access-1.0.5.tgz#49d9dec77cfdcd23ab0b08879b0530ecade4ee26"
  dependencies:
    blear.utils.array "1.x"
    blear.utils.collection "1.x"
    blear.utils.object "1.x"
    blear.utils.typeis "1.x"

blear.utils.array@1.0.12, blear.utils.array@1.x, blear.utils.array@^1.0.12:
  version "1.0.12"
  resolved "http://registry.npm.taobao.org/blear.utils.array/download/blear.utils.array-1.0.12.tgz#6237bf80b3be31377147d90d6fadc91a9fe6776e"
  dependencies:
    blear.utils.typeis "1.x"

blear.utils.collection@1.x:
  version "1.0.4"
  resolved "http://registry.npm.taobao.org/blear.utils.collection/download/blear.utils.collection-1.0.4.tgz#140dbc7fcde096ba988b2b42edc7574905849b31"
  dependencies:
    blear.utils.array "1.x"
    blear.utils.object "1.x"
    blear.utils.typeis "1.x"

blear.utils.compatible@1.x:
  version "1.0.7"
  resolved "http://registry.npm.taobao.org/blear.utils.compatible/download/blear.utils.compatible-1.0.7.tgz#0c1cea16439620c02ff4da86484a4a18b2ec8129"
  dependencies:
    blear.utils.array "1.x"
    blear.utils.string "1.x"

blear.utils.date@1.x, blear.utils.date@^1.0.10:
  version "1.0.10"
  resolved "http://registry.npm.taobao.org/blear.utils.date/download/blear.utils.date-1.0.10.tgz#cc7fc4e946c58a9a6b05d8a3c48b465095ad2f5d"
  dependencies:
    blear.polyfills.date "1.x"
    blear.utils.access "1.x"
    blear.utils.array "1.x"
    blear.utils.number "1.x"
    blear.utils.object "1.x"
    blear.utils.string "1.x"
    blear.utils.typeis "1.x"

blear.utils.debug@1.x, blear.utils.debug@^1.0.2:
  version "1.0.2"
  resolved "http://registry.npm.taobao.org/blear.utils.debug/download/blear.utils.debug-1.0.2.tgz#4c2c5e2f75b8f68dd5ecba887190dcfb3ba5e135"

blear.utils.easing@1.x:
  version "1.0.6"
  resolved "http://registry.npm.taobao.org/blear.utils.easing/download/blear.utils.easing-1.0.6.tgz#c308072d2925e41117b98fede96ed5e7afd00f3e"
  dependencies:
    blear.shims.bezier "1.x"
    blear.utils.access "1.x"
    blear.utils.array "1.x"
    blear.utils.object "1.x"
    blear.utils.typeis "1.x"

blear.utils.function@1.x, blear.utils.function@^1.0.5:
  version "1.0.5"
  resolved "http://registry.npm.taobao.org/blear.utils.function/download/blear.utils.function-1.0.5.tgz#94c92e6605d3e4241f8243f0cec6b3b725524e6a"
  dependencies:
    blear.utils.access "1.x"
    blear.utils.array "1.x"
    blear.utils.date "1.x"
    blear.utils.debug "^1.0.2"
    blear.utils.time "1.x"
    blear.utils.typeis "1.x"

blear.utils.hashbang@1.x:
  version "1.0.5"
  resolved "http://registry.npm.taobao.org/blear.utils.hashbang/download/blear.utils.hashbang-1.0.5.tgz#45b19333ff533c47951a7579bc599bb3fb2e6590"
  dependencies:
    blear.utils.string "1.x"

blear.utils.howdo@1.x:
  version "1.0.3"
  resolved "http://registry.npm.taobao.org/blear.utils.howdo/download/blear.utils.howdo-1.0.3.tgz#c7794816db9e08bfb184448afd9a937007b27a8f"
  dependencies:
    blear.utils.access "1.x"
    blear.utils.collection "1.x"
    blear.utils.time "1.x"
    blear.utils.typeis "1.x"

blear.utils.json@1.0.5, blear.utils.json@1.x:
  version "1.0.5"
  resolved "http://registry.npm.taobao.org/blear.utils.json/download/blear.utils.json-1.0.5.tgz#eaeaedb8b958382d338ac69279f0d7952bc897f6"
  dependencies:
    blear.utils.object "1.x"
    blear.utils.typeis "1.x"

blear.utils.loader@1.0.7, blear.utils.loader@1.x:
  version "1.0.7"
  resolved "http://registry.npm.taobao.org/blear.utils.loader/download/blear.utils.loader-1.0.7.tgz#dc9c808b91c22fba79ca93c73a249771cf784487"
  dependencies:
    blear.utils.function "1.x"
    blear.utils.object "1.x"
    blear.utils.time "1.x"
    blear.utils.typeis "1.x"

blear.utils.number@1.0.3, blear.utils.number@1.x:
  version "1.0.3"
  resolved "http://registry.npm.taobao.org/blear.utils.number/download/blear.utils.number-1.0.3.tgz#c6ed3713c8a97d3ceea23695459315e47c5a8616"
  dependencies:
    blear.utils.array "1.x"
    blear.utils.typeis "1.x"

blear.utils.object@1.0.14, blear.utils.object@1.x, blear.utils.object@^1.0.14:
  version "1.0.14"
  resolved "http://registry.npm.taobao.org/blear.utils.object/download/blear.utils.object-1.0.14.tgz#6df92695841d501fef614aaf36ffe50b8478188d"
  dependencies:
    blear.utils.typeis "1.x"

blear.utils.path@1.0.9, blear.utils.path@1.x:
  version "1.0.9"
  resolved "http://registry.npm.taobao.org/blear.utils.path/download/blear.utils.path-1.0.9.tgz#500dcd8f34fece891d509641abe40de67ad70d4c"
  dependencies:
    blear.utils.access "1.x"
    blear.utils.array "1.x"

blear.utils.path@^1.0.10:
  version "1.0.10"
  resolved "http://registry.npm.taobao.org/blear.utils.path/download/blear.utils.path-1.0.10.tgz#6d3fe6839fdda9120ddb3addd66f15a64331c2d6"
  dependencies:
    blear.utils.access "1.x"
    blear.utils.array "1.x"

blear.utils.plan@^2.0.0, blear.utils.plan@^2.1.2, blear.utils.plan@^2.2.1:
  version "2.2.1"
  resolved "http://registry.npm.taobao.org/blear.utils.plan/download/blear.utils.plan-2.2.1.tgz#adf90417838e0a4d870d100df921551c45daaf57"
  dependencies:
    blear.classes.class "1.x"
    blear.classes.events "1.x"
    blear.utils.access "1.x"
    blear.utils.collection "1.x"
    blear.utils.function "1.x"
    blear.utils.number "1.x"
    blear.utils.object "1.x"
    blear.utils.random "1.x"
    blear.utils.time "1.x"
    blear.utils.typeis "1.x"

blear.utils.querystring@1.0.5, blear.utils.querystring@1.x, blear.utils.querystring@^1.0.5:
  version "1.0.5"
  resolved "http://registry.npm.taobao.org/blear.utils.querystring/download/blear.utils.querystring-1.0.5.tgz#85e8a524c8fcf54f2a289c46496ce5e51960cbbc"
  dependencies:
    blear.utils.array "1.x"
    blear.utils.object "1.x"
    blear.utils.string "1.x"
    blear.utils.typeis "1.x"
    blear.utils.uri "1.x"

blear.utils.random@1.0.3, blear.utils.random@1.x, blear.utils.random@^1.0.3:
  version "1.0.3"
  resolved "http://registry.npm.taobao.org/blear.utils.random/download/blear.utils.random-1.0.3.tgz#ea53b4af8aa3e54f10e9174ca244444b52c9b162"
  dependencies:
    blear.utils.access "1.x"
    blear.utils.number "1.x"
    blear.utils.string "1.x"
    blear.utils.typeis "1.x"

blear.utils.scope-css@1.0.3:
  version "1.0.3"
  resolved "http://registry.npm.taobao.org/blear.utils.scope-css/download/blear.utils.scope-css-1.0.3.tgz#587718ad83b7323ae1b02114c77e57c1bce4b590"

blear.utils.scope-css@^1.0.3, blear.utils.scope-css@^1.1.1:
  version "1.1.1"
  resolved "http://registry.npm.taobao.org/blear.utils.scope-css/download/blear.utils.scope-css-1.1.1.tgz#fc7ddec39e646b2f94847d7a1991fe37c93dbceb"
  dependencies:
    blear.utils.object "^1.0.14"
    blear.utils.random "^1.0.3"

blear.utils.string@1.0.9, blear.utils.string@1.x:
  version "1.0.9"
  resolved "http://registry.npm.taobao.org/blear.utils.string/download/blear.utils.string-1.0.9.tgz#5905fff23b4fd125672fabcef373b5143293ffb5"
  dependencies:
    blear.utils.access "1.x"
    blear.utils.array "1.x"
    blear.utils.json "1.x"
    blear.utils.object "1.x"
    blear.utils.typeis "1.x"

blear.utils.time@1.0.5, blear.utils.time@1.x, blear.utils.time@^1.0.5:
  version "1.0.5"
  resolved "http://registry.npm.taobao.org/blear.utils.time/download/blear.utils.time-1.0.5.tgz#2e668a05d2052616d589e5a8b92c13a82b2b6f69"
  dependencies:
    blear.polyfills.time "1.x"
    blear.utils.date "1.x"
    blear.utils.typeis "1.x"

blear.utils.typeis@1.0.3, blear.utils.typeis@1.x, blear.utils.typeis@^1.0.3:
  version "1.0.3"
  resolved "http://registry.npm.taobao.org/blear.utils.typeis/download/blear.utils.typeis-1.0.3.tgz#e2ee6bfbca0729b7b51baa59d93d716b68eac686"

blear.utils.uri@1.x:
  version "1.0.2"
  resolved "http://registry.npm.taobao.org/blear.utils.uri/download/blear.utils.uri-1.0.2.tgz#1b97c681aa27f9d9833fdd83328d38d04e954988"

blear.utils.url@1.x:
  version "1.0.18"
  resolved "http://registry.npm.taobao.org/blear.utils.url/download/blear.utils.url-1.0.18.tgz#e793a253db01c55e5bc8ba1033c3690682e6c3ba"
  dependencies:
    blear.utils.access "1.x"
    blear.utils.array "1.x"
    blear.utils.debug "1.x"
    blear.utils.object "1.x"
    blear.utils.path "1.x"
    blear.utils.querystring "1.x"
    blear.utils.typeis "1.x"

blear.utils.url@^1.0.19:
  version "1.0.19"
  resolved "http://registry.npm.taobao.org/blear.utils.url/download/blear.utils.url-1.0.19.tgz#5d696e685425c9f9f550656733ed8b45f0e65b9d"
  dependencies:
    blear.utils.access "1.x"
    blear.utils.array "1.x"
    blear.utils.debug "1.x"
    blear.utils.object "1.x"
    blear.utils.path "^1.0.10"
    blear.utils.querystring "1.x"
    blear.utils.typeis "1.x"

blear.utils.validator@1.x, blear.utils.validator@^1.1.0, blear.utils.validator@^1.1.1:
  version "1.1.1"
  resolved "http://registry.npm.taobao.org/blear.utils.validator/download/blear.utils.validator-1.1.1.tgz#a36c1c940b03382ce0644157e67a609494b9ce58"

blear.utils.weixin@1.1.10:
  version "1.1.10"
  resolved "http://registry.npm.taobao.org/blear.utils.weixin/download/blear.utils.weixin-1.1.10.tgz#f2f1e9a777f05443c39fd77d5fbdcb4e3b629f42"
  dependencies:
    blear.classes.class "1.x"
    blear.classes.error "1.x"
    blear.utils.array "1.x"
    blear.utils.function "1.x"
    blear.utils.object "1.x"
    blear.utils.string "1.x"
    blear.utils.time "1.x"
    blear.utils.typeis "1.x"

coolie.js@2.2.3:
  version "2.2.3"
  resolved "http://registry.npm.taobao.org/coolie.js/download/coolie.js-2.2.3.tgz#21b936d98725a1bdf63e88bc9c296d9a3450bbb8"

core-js@^2.4.0:
  version "2.5.3"
  resolved "http://registry.npm.taobao.org/core-js/download/core-js-2.5.3.tgz#8acc38345824f16d8365b7c9b4259168e8ed603e"

deepmerge@^2.1.0:
  version "2.1.0"
  resolved "http://registry.npm.taobao.org/deepmerge/download/deepmerge-2.1.0.tgz#511a54fff405fc346f0240bb270a3e9533a31102"

element-resize-detector@^1.1.14:
  version "1.1.14"
  resolved "http://registry.npm.taobao.org/element-resize-detector/download/element-resize-detector-1.1.14.tgz#af064a0a618a820ad570a95c5eec5b77be0128c1"
  dependencies:
    batch-processor "^1.0.0"

iview@^2.11.0:
  version "2.11.0"
  resolved "http://registry.npm.taobao.org/iview/download/iview-2.11.0.tgz#76fc8f050802544675b6fcf02dbe1dbf89b95867"
  dependencies:
    async-validator "^1.8.2"
    deepmerge "^2.1.0"
    element-resize-detector "^1.1.14"
    js-calendar "^1.2.3"
    lodash.throttle "^4.1.1"
    popper.js "^0.6.4"
    tinycolor2 "^1.4.1"

js-calendar@^1.2.3:
  version "1.2.3"
  resolved "http://registry.npm.taobao.org/js-calendar/download/js-calendar-1.2.3.tgz#a583b0644b4e695ba394f344d103dbcc7a7a7d3e"

lodash.throttle@^4.1.1:
  version "4.1.1"
  resolved "http://registry.npm.taobao.org/lodash.throttle/download/lodash.throttle-4.1.1.tgz#c23e91b710242ac70c37f1e1cda9274cc39bf2f4"

popper.js@^0.6.4:
  version "0.6.4"
  resolved "http://registry.npm.taobao.org/popper.js/download/popper.js-0.6.4.tgz#1837c4760af54d2bb20b66f9c09b92993d84c629"

regenerator-runtime@^0.11.0:
  version "0.11.1"
  resolved "http://registry.npm.taobao.org/regenerator-runtime/download/regenerator-runtime-0.11.1.tgz#be05ad7f9bf7d22e056f9726cee5017fbf19e2e9"

tinycolor2@^1.4.1:
  version "1.4.1"
  resolved "http://registry.npm.taobao.org/tinycolor2/download/tinycolor2-1.4.1.tgz#f4fad333447bc0b07d4dc8e9209d8f39a8ac77e8"

vue@^2.5.16:
  version "2.5.16"
  resolved "http://registry.npm.taobao.org/vue/download/vue-2.5.16.tgz#07edb75e8412aaeed871ebafa99f4672584a0085"
